dependencies:
- name: postgresql
  repository: https://charts.bitnami.com/bitnami
  version: 16.7.24
- name: backend
  repository: ""
  version: 0.1.0
- name: frontend
  repository: ""
  version: 0.1.0
digest: sha256:6edbdf70c13e69109e3501b556e8f02ff46cfa46b324bc3b06f257906f387345
generated: "2025-08-08T13:39:09.706003788Z"
