dependencies:
- name: postgresql
  repository: https://charts.bitnami.com/bitnami
  version: 16.7.26
- name: backend
  repository: ""
  version: 0.1.0
- name: frontend
  repository: ""
  version: 0.1.0
digest: sha256:8f1e7433b8732065c2d51bf21702ffd0b5cacc2721642f0d691a72967e42d908
generated: "2025-08-14T22:10:09.54565886Z"
